{
  "pins" : [
    {
      "identity" : "sendbird-chat-ios-spm",
      "kind" : "remoteSourceControl",
      "location" : "https://github.com/sendbird/sendbird-chat-ios-spm",
      "state" : {
        "revision" : "8f45c1ed97c236655d08123c88cf95071ec05a34",
        "version" : "3.1.18"
      }
    },
    {
      "identity" : "sendbird-uikit-ios-spm",
      "kind" : "remoteSourceControl",
      "location" : "https://github.com/sendbird/sendbird-uikit-ios-spm",
      "state" : {
        "branch" : "master",
        "revision" : "cc5525f95186bc4da1317cd9918fab825873c99d"
      }
    }
  ],
  "version" : 2
}
